Microsoft Visual Studio Solution File, Format Version 12.00
# Visual Studio 2013
Project("{8BC9CEB8-8B4A-11D0-8D11-00A0C91BC942}") = "ALL_BUILD", "ALL_BUILD.vcxproj", "{1C860B06-E4B9-43A7-B062-E262D7F87774}"
	ProjectSection(ProjectDependencies) = postProject
		{D858AD1D-14B7-4380-8CD3-2D11D06D8192} = {D858AD1D-14B7-4380-8CD3-2D11D06D8192}
		{4E595298-F93E-4D9E-8B3D-B2235A7B6A37} = {4E595298-F93E-4D9E-8B3D-B2235A7B6A37}
		{C9F63367-1AFA-4EF6-A638-A7E567F19AD7} = {C9F63367-1AFA-4EF6-A638-A7E567F19AD7}
		{3B506FD3-E807-48DD-884C-1DD629D83EE8} = {3B506FD3-E807-48DD-884C-1DD629D83EE8}
		{E2937D60-008B-4A2F-8345-B6DDEC683F24} = {E2937D60-008B-4A2F-8345-B6DDEC683F24}
	EndProjectSection
EndProject
Project("{8BC9CEB8-8B4A-11D0-8D11-00A0C91BC942}") = "INSTALL", "INSTALL.vcxproj", "{0854486B-4815-4ADE-A7B2-B500346E2577}"
	ProjectSection(ProjectDependencies) = postProject
		{1C860B06-E4B9-43A7-B062-E262D7F87774} = {1C860B06-E4B9-43A7-B062-E262D7F87774}
	EndProjectSection
EndProject
Project("{8BC9CEB8-8B4A-11D0-8D11-00A0C91BC942}") = "RUN_TESTS", "RUN_TESTS.vcxproj", "{106797A6-FCDD-4E8F-9AC6-C5E4387DE3C7}"
	ProjectSection(ProjectDependencies) = postProject
	EndProjectSection
EndProject
Project("{8BC9CEB8-8B4A-11D0-8D11-00A0C91BC942}") = "ZERO_CHECK", "ZERO_CHECK.vcxproj", "{D858AD1D-14B7-4380-8CD3-2D11D06D8192}"
	ProjectSection(ProjectDependencies) = postProject
	EndProjectSection
EndProject
Project("{8BC9CEB8-8B4A-11D0-8D11-00A0C91BC942}") = "example", "example.vcxproj", "{4E595298-F93E-4D9E-8B3D-B2235A7B6A37}"
	ProjectSection(ProjectDependencies) = postProject
		{D858AD1D-14B7-4380-8CD3-2D11D06D8192} = {D858AD1D-14B7-4380-8CD3-2D11D06D8192}
		{3B506FD3-E807-48DD-884C-1DD629D83EE8} = {3B506FD3-E807-48DD-884C-1DD629D83EE8}
	EndProjectSection
EndProject
Project("{8BC9CEB8-8B4A-11D0-8D11-00A0C91BC942}") = "minigzip", "minigzip.vcxproj", "{C9F63367-1AFA-4EF6-A638-A7E567F19AD7}"
	ProjectSection(ProjectDependencies) = postProject
		{D858AD1D-14B7-4380-8CD3-2D11D06D8192} = {D858AD1D-14B7-4380-8CD3-2D11D06D8192}
		{3B506FD3-E807-48DD-884C-1DD629D83EE8} = {3B506FD3-E807-48DD-884C-1DD629D83EE8}
	EndProjectSection
EndProject
Project("{8BC9CEB8-8B4A-11D0-8D11-00A0C91BC942}") = "zlib", "zlib.vcxproj", "{3B506FD3-E807-48DD-884C-1DD629D83EE8}"
	ProjectSection(ProjectDependencies) = postProject
		{D858AD1D-14B7-4380-8CD3-2D11D06D8192} = {D858AD1D-14B7-4380-8CD3-2D11D06D8192}
	EndProjectSection
EndProject
Project("{8BC9CEB8-8B4A-11D0-8D11-00A0C91BC942}") = "zlibstatic", "zlibstatic.vcxproj", "{E2937D60-008B-4A2F-8345-B6DDEC683F24}"
	ProjectSection(ProjectDependencies) = postProject
		{D858AD1D-14B7-4380-8CD3-2D11D06D8192} = {D858AD1D-14B7-4380-8CD3-2D11D06D8192}
	EndProjectSection
EndProject
Global
	GlobalSection(SolutionConfigurationPlatforms) = preSolution
		Debug|Win32 = Debug|Win32
		Release|Win32 = Release|Win32
		MinSizeRel|Win32 = MinSizeRel|Win32
		RelWithDebInfo|Win32 = RelWithDebInfo|Win32
	EndGlobalSection
	GlobalSection(ProjectConfigurationPlatforms) = postSolution
		{1C860B06-E4B9-43A7-B062-E262D7F87774}.Debug|Win32.ActiveCfg = Debug|Win32
		{1C860B06-E4B9-43A7-B062-E262D7F87774}.Debug|Win32.Build.0 = Debug|Win32
		{1C860B06-E4B9-43A7-B062-E262D7F87774}.Release|Win32.ActiveCfg = Release|Win32
		{1C860B06-E4B9-43A7-B062-E262D7F87774}.Release|Win32.Build.0 = Release|Win32
		{1C860B06-E4B9-43A7-B062-E262D7F87774}.MinSizeRel|Win32.ActiveCfg = MinSizeRel|Win32
		{1C860B06-E4B9-43A7-B062-E262D7F87774}.MinSizeRel|Win32.Build.0 = MinSizeRel|Win32
		{1C860B06-E4B9-43A7-B062-E262D7F87774}.RelWithDebInfo|Win32.ActiveCfg = RelWithDebInfo|Win32
		{1C860B06-E4B9-43A7-B062-E262D7F87774}.RelWithDebInfo|Win32.Build.0 = RelWithDebInfo|Win32
		{0854486B-4815-4ADE-A7B2-B500346E2577}.Debug|Win32.ActiveCfg = Debug|Win32
		{0854486B-4815-4ADE-A7B2-B500346E2577}.Release|Win32.ActiveCfg = Release|Win32
		{0854486B-4815-4ADE-A7B2-B500346E2577}.MinSizeRel|Win32.ActiveCfg = MinSizeRel|Win32
		{0854486B-4815-4ADE-A7B2-B500346E2577}.RelWithDebInfo|Win32.ActiveCfg = RelWithDebInfo|Win32
		{106797A6-FCDD-4E8F-9AC6-C5E4387DE3C7}.Debug|Win32.ActiveCfg = Debug|Win32
		{106797A6-FCDD-4E8F-9AC6-C5E4387DE3C7}.Release|Win32.ActiveCfg = Release|Win32
		{106797A6-FCDD-4E8F-9AC6-C5E4387DE3C7}.MinSizeRel|Win32.ActiveCfg = MinSizeRel|Win32
		{106797A6-FCDD-4E8F-9AC6-C5E4387DE3C7}.RelWithDebInfo|Win32.ActiveCfg = RelWithDebInfo|Win32
		{D858AD1D-14B7-4380-8CD3-2D11D06D8192}.Debug|Win32.ActiveCfg = Debug|Win32
		{D858AD1D-14B7-4380-8CD3-2D11D06D8192}.Debug|Win32.Build.0 = Debug|Win32
		{D858AD1D-14B7-4380-8CD3-2D11D06D8192}.Release|Win32.ActiveCfg = Release|Win32
		{D858AD1D-14B7-4380-8CD3-2D11D06D8192}.Release|Win32.Build.0 = Release|Win32
		{D858AD1D-14B7-4380-8CD3-2D11D06D8192}.MinSizeRel|Win32.ActiveCfg = MinSizeRel|Win32
		{D858AD1D-14B7-4380-8CD3-2D11D06D8192}.MinSizeRel|Win32.Build.0 = MinSizeRel|Win32
		{D858AD1D-14B7-4380-8CD3-2D11D06D8192}.RelWithDebInfo|Win32.ActiveCfg = RelWithDebInfo|Win32
		{D858AD1D-14B7-4380-8CD3-2D11D06D8192}.RelWithDebInfo|Win32.Build.0 = RelWithDebInfo|Win32
		{4E595298-F93E-4D9E-8B3D-B2235A7B6A37}.Debug|Win32.ActiveCfg = Debug|Win32
		{4E595298-F93E-4D9E-8B3D-B2235A7B6A37}.Debug|Win32.Build.0 = Debug|Win32
		{4E595298-F93E-4D9E-8B3D-B2235A7B6A37}.Release|Win32.ActiveCfg = Release|Win32
		{4E595298-F93E-4D9E-8B3D-B2235A7B6A37}.Release|Win32.Build.0 = Release|Win32
		{4E595298-F93E-4D9E-8B3D-B2235A7B6A37}.MinSizeRel|Win32.ActiveCfg = MinSizeRel|Win32
		{4E595298-F93E-4D9E-8B3D-B2235A7B6A37}.MinSizeRel|Win32.Build.0 = MinSizeRel|Win32
		{4E595298-F93E-4D9E-8B3D-B2235A7B6A37}.RelWithDebInfo|Win32.ActiveCfg = RelWithDebInfo|Win32
		{4E595298-F93E-4D9E-8B3D-B2235A7B6A37}.RelWithDebInfo|Win32.Build.0 = RelWithDebInfo|Win32
		{C9F63367-1AFA-4EF6-A638-A7E567F19AD7}.Debug|Win32.ActiveCfg = Debug|Win32
		{C9F63367-1AFA-4EF6-A638-A7E567F19AD7}.Debug|Win32.Build.0 = Debug|Win32
		{C9F63367-1AFA-4EF6-A638-A7E567F19AD7}.Release|Win32.ActiveCfg = Release|Win32
		{C9F63367-1AFA-4EF6-A638-A7E567F19AD7}.Release|Win32.Build.0 = Release|Win32
		{C9F63367-1AFA-4EF6-A638-A7E567F19AD7}.MinSizeRel|Win32.ActiveCfg = MinSizeRel|Win32
		{C9F63367-1AFA-4EF6-A638-A7E567F19AD7}.MinSizeRel|Win32.Build.0 = MinSizeRel|Win32
		{C9F63367-1AFA-4EF6-A638-A7E567F19AD7}.RelWithDebInfo|Win32.ActiveCfg = RelWithDebInfo|Win32
		{C9F63367-1AFA-4EF6-A638-A7E567F19AD7}.RelWithDebInfo|Win32.Build.0 = RelWithDebInfo|Win32
		{3B506FD3-E807-48DD-884C-1DD629D83EE8}.Debug|Win32.ActiveCfg = Debug|Win32
		{3B506FD3-E807-48DD-884C-1DD629D83EE8}.Debug|Win32.Build.0 = Debug|Win32
		{3B506FD3-E807-48DD-884C-1DD629D83EE8}.Release|Win32.ActiveCfg = Release|Win32
		{3B506FD3-E807-48DD-884C-1DD629D83EE8}.Release|Win32.Build.0 = Release|Win32
		{3B506FD3-E807-48DD-884C-1DD629D83EE8}.MinSizeRel|Win32.ActiveCfg = MinSizeRel|Win32
		{3B506FD3-E807-48DD-884C-1DD629D83EE8}.MinSizeRel|Win32.Build.0 = MinSizeRel|Win32
		{3B506FD3-E807-48DD-884C-1DD629D83EE8}.RelWithDebInfo|Win32.ActiveCfg = RelWithDebInfo|Win32
		{3B506FD3-E807-48DD-884C-1DD629D83EE8}.RelWithDebInfo|Win32.Build.0 = RelWithDebInfo|Win32
		{E2937D60-008B-4A2F-8345-B6DDEC683F24}.Debug|Win32.ActiveCfg = Debug|Win32
		{E2937D60-008B-4A2F-8345-B6DDEC683F24}.Debug|Win32.Build.0 = Debug|Win32
		{E2937D60-008B-4A2F-8345-B6DDEC683F24}.Release|Win32.ActiveCfg = Release|Win32
		{E2937D60-008B-4A2F-8345-B6DDEC683F24}.Release|Win32.Build.0 = Release|Win32
		{E2937D60-008B-4A2F-8345-B6DDEC683F24}.MinSizeRel|Win32.ActiveCfg = MinSizeRel|Win32
		{E2937D60-008B-4A2F-8345-B6DDEC683F24}.MinSizeRel|Win32.Build.0 = MinSizeRel|Win32
		{E2937D60-008B-4A2F-8345-B6DDEC683F24}.RelWithDebInfo|Win32.ActiveCfg = RelWithDebInfo|Win32
		{E2937D60-008B-4A2F-8345-B6DDEC683F24}.RelWithDebInfo|Win32.Build.0 = RelWithDebInfo|Win32
	EndGlobalSection
	GlobalSection(ExtensibilityGlobals) = postSolution
	EndGlobalSection
	GlobalSection(ExtensibilityAddIns) = postSolution
	EndGlobalSection
EndGlobal
